apiVersion: vendir.k14s.io/v1alpha1
directories:
- contents:
  - git:
      commitTitle: Release 10.0.0.
      sha: b05fa358e6b5d881aecc152852c0887056dbce10
      tags:
      - 10.0.0
    path: community.general
  - git:
      commitTitle: 'chore(main): release 4.2.1 (#562)...'
      sha: 8503764dd0d773969847d713cf80b6883adb5f6e
      tags:
      - 4.2.1
    path: hetzner.cloud
  path: vendor/ansible_collection
- contents:
  - git:
      commitTitle: 'Merge pull request #304 from tobiashuste/prepare-4-7-0...'
      sha: 6f1f945becbd7fa540642c70a93a23c8cc876718
      tags:
      - v4.7.0
    path: unattended_upgrades
  path: vendor/ansible_roles
kind: LockConfig
